// !$*UTF8*$!
{
	archiveVersion = 1;
	classes = {
	};
	objectVersion = 70;
	objects = {

/* Begin PBXBuildFile section */
		0B018ACF2F6EE0AE00382075 /* ImportKeySheet.swift in Sources */ = {isa = PBXBuildFile; fileRef = 0B018ACD2F6EE0AE00382075 /* ImportKeySheet.swift */; };
		0B018AD12F6EE0AF00382075 /* LoadingStates.swift in Sources */ = {isa = PBXBuildFile; fileRef = 0B018ACE2F6EE0AF00382075 /* LoadingStates.swift */; };
		0B0F6B672F753E5C00668924 /* Tutorial.swift in Sources */ = {isa = PBXBuildFile; fileRef = 0B0F6B662F753E5C00668924 /* Tutorial.swift */; };
		0B2A177D2F74F09F003D3CB1 /* gpg.bundle in Resources */ = {isa = PBXBuildFile; fileRef = 0B2A177C2F74F09F003D3CB1 /* gpg.bundle */; };
		0B77CCFA2F753FEF00C15184 /* HowToView.swift in Sources */ = {isa = PBXBuildFile; fileRef = 0B77CCF82F753FEF00C15184 /* HowToView.swift */; };
		0BE22B582F6FC4CC009DDCB2 /* KeyEditSheet.swift in Sources */ = {isa = PBXBuildFile; fileRef = 0BE22B552F6FC4CC009DDCB2 /* KeyEditSheet.swift */; };
		0BE22B592F6FC4CC009DDCB2 /* KeySigningSheet.swift in Sources */ = {isa = PBXBuildFile; fileRef = 0BE22B562F6FC4CC009DDCB2 /* KeySigningSheet.swift */; };
		0BE22B5A2F6FC4CC009DDCB2 /* TrustManagementSheet.swift in Sources */ = {isa = PBXBuildFile; fileRef = 0BE22B572F6FC4CC009DDCB2 /* TrustManagementSheet.swift */; };
		0BEF4DE52F6D80E00053CE56 /* GPGError.swift in Sources */ = {isa = PBXBuildFile; fileRef = 0BEF4DE32F6D80E00053CE56 /* GPGError.swift */; };
		0BEF4DE62F6D80E00053CE56 /* GPGService.swift in Sources */ = {isa = PBXBuildFile; fileRef = 0BEF4DE42F6D80E00053CE56 /* GPGService.swift */; };
		0BEF4DF52F6D8D630053CE56 /* KeyManagementViewModel.swift in Sources */ = {isa = PBXBuildFile; fileRef = 0BEF4DF22F6D8D630053CE56 /* KeyManagementViewModel.swift */; };
		1A1000012F70000100000001 /* BackupManagerView.swift in Sources */ = {isa = PBXBuildFile; fileRef = 1A2000012F70000100000001 /* BackupManagerView.swift */; };
		1A1000022F70000100000002 /* ExpirationReminderService.swift in Sources */ = {isa = PBXBuildFile; fileRef = 1A2000022F70000100000002 /* ExpirationReminderService.swift */; };
		1A1000032F70000100000003 /* KeyStatisticsView.swift in Sources */ = {isa = PBXBuildFile; fileRef = 1A2000032F70000100000003 /* KeyStatisticsView.swift */; };
		1A1000042F70000100000004 /* ExpirationReminderSettingsView.swift in Sources */ = {isa = PBXBuildFile; fileRef = 1A2000042F70000100000004 /* ExpirationReminderSettingsView.swift */; };
		2A1000012F71000100000001 /* PassphraseSheet.swift in Sources */ = {isa = PBXBuildFile; fileRef = 2A2000012F71000100000001 /* PassphraseSheet.swift */; };
		2A1000012F71000100000003 /* SecureInputField.swift in Sources */ = {isa = PBXBuildFile; fileRef = 2A2000012F71000100000003 /* SecureInputField.swift */; };
		3A1000012F76000100000001 /* OperationResult.swift in Sources */ = {isa = PBXBuildFile; fileRef = 3A2000012F76000100000001 /* OperationResult.swift */; };
		3A1000012F76000100000002 /* GPGFileTypeDetector.swift in Sources */ = {isa = PBXBuildFile; fileRef = 3A2000012F76000100000002 /* GPGFileTypeDetector.swift */; };
		3A1000012F76000100000003 /* KeyCardView.swift in Sources */ = {isa = PBXBuildFile; fileRef = 3A2000012F76000100000003 /* KeyCardView.swift */; };
		3A1000012F76000100000004 /* DropZoneView.swift in Sources */ = {isa = PBXBuildFile; fileRef = 3A2000012F76000100000004 /* DropZoneView.swift */; };
		3A1000012F76000100000005 /* KeyActionMenu.swift in Sources */ = {isa = PBXBuildFile; fileRef = 3A2000012F76000100000005 /* KeyActionMenu.swift */; };
		3A1000012F76000100000006 /* OperationResultOverlay.swift in Sources */ = {isa = PBXBuildFile; fileRef = 3A2000012F76000100000006 /* OperationResultOverlay.swift */; };
		3A1000012F76000100000007 /* UploadToKeyserverSheet.swift in Sources */ = {isa = PBXBuildFile; fileRef = 3A2000012F76000100000007 /* UploadToKeyserverSheet.swift */; };
		3A1000012F76000100000008 /* PasswordInputSheet.swift in Sources */ = {isa = PBXBuildFile; fileRef = 3A2000012F76000100000008 /* PasswordInputSheet.swift */; };
		3A1000012F76000100000009 /* DeleteKeyOption.swift in Sources */ = {isa = PBXBuildFile; fileRef = 3A2000012F76000100000009 /* DeleteKeyOption.swift */; };
		B00000000001 /* MoaiyApp.swift in Sources */ = {isa = PBXBuildFile; fileRef = A00000000001 /* MoaiyApp.swift */; };
		B00000000002 /* MainView.swift in Sources */ = {isa = PBXBuildFile; fileRef = A00000000002 /* MainView.swift */; };
		B00000000003 /* KeyManagementView.swift in Sources */ = {isa = PBXBuildFile; fileRef = A00000000003 /* KeyManagementView.swift */; };
		B00000000004 /* CreateKeyView.swift in Sources */ = {isa = PBXBuildFile; fileRef = A00000000004 /* CreateKeyView.swift */; };
		B00000000006 /* SettingsView.swift in Sources */ = {isa = PBXBuildFile; fileRef = A00000000006 /* SettingsView.swift */; };
		B00000000008 /* Color+Theme.swift in Sources */ = {isa = PBXBuildFile; fileRef = A00000000008 /* Color+Theme.swift */; };
		B00000000009 /* Constants.swift in Sources */ = {isa = PBXBuildFile; fileRef = A00000000009 /* Constants.swift */; };
		B0000000000A /* AppState.swift in Sources */ = {isa = PBXBuildFile; fileRef = A0000000000A /* AppState.swift */; };
		B0000000000E /* Assets.xcassets in Resources */ = {isa = PBXBuildFile; fileRef = A0000000000E /* Assets.xcassets */; };
		B0000000000F /* Localizable.xcstrings in Resources */ = {isa = PBXBuildFile; fileRef = A0000000000F /* Localizable.xcstrings */; };
		B00000000010 /* PrivacyInfo.xcprivacy in Resources */ = {isa = PBXBuildFile; fileRef = A00000000010 /* PrivacyInfo.xcprivacy */; };
		B00000000014 /* ScopeOne-Regular.ttf in Resources */ = {isa = PBXBuildFile; fileRef = A00000000014 /* ScopeOne-Regular.ttf */; };
/* End PBXBuildFile section */

/* Begin PBXContainerItemProxy section */
		0B96E1512F71021E009629C1 /* PBXContainerItemProxy */ = {
			isa = PBXContainerItemProxy;
			containerPortal = F00000000001 /* Project object */;
			proxyType = 1;
			remoteGlobalIDString = E00000000001;
			remoteInfo = Moaiy;
		};
/* End PBXContainerItemProxy section */

/* Begin PBXFileReference section */
		0B018ACD2F6EE0AE00382075 /* ImportKeySheet.swift */ = {isa = PBXFileReference; lastKnownFileType = sourcecode.swift; path = ImportKeySheet.swift; sourceTree = "<group>"; };
		0B018ACE2F6EE0AF00382075 /* LoadingStates.swift */ = {isa = PBXFileReference; lastKnownFileType = sourcecode.swift; path = LoadingStates.swift; sourceTree = "<group>"; };
		0B0F6B662F753E5C00668924 /* Tutorial.swift */ = {isa = PBXFileReference; lastKnownFileType = sourcecode.swift; path = Tutorial.swift; sourceTree = "<group>"; };
		0B2A177C2F74F09F003D3CB1 /* gpg.bundle */ = {isa = PBXFileReference; lastKnownFileType = "wrapper.plug-in"; path = gpg.bundle; sourceTree = "<group>"; };
		0B77CCF82F753FEF00C15184 /* HowToView.swift */ = {isa = PBXFileReference; lastKnownFileType = sourcecode.swift; path = HowToView.swift; sourceTree = "<group>"; };
		0B96E14D2F71021E009629C1 /* MoaiyTests.xctest */ = {isa = PBXFileReference; explicitFileType = wrapper.cfbundle; includeInIndex = 0; path = MoaiyTests.xctest; sourceTree = BUILT_PRODUCTS_DIR; };
		0BE22B552F6FC4CC009DDCB2 /* KeyEditSheet.swift */ = {isa = PBXFileReference; lastKnownFileType = sourcecode.swift; path = KeyEditSheet.swift; sourceTree = "<group>"; };
		0BE22B562F6FC4CC009DDCB2 /* KeySigningSheet.swift */ = {isa = PBXFileReference; lastKnownFileType = sourcecode.swift; path = KeySigningSheet.swift; sourceTree = "<group>"; };
		0BE22B572F6FC4CC009DDCB2 /* TrustManagementSheet.swift */ = {isa = PBXFileReference; lastKnownFileType = sourcecode.swift; path = TrustManagementSheet.swift; sourceTree = "<group>"; };
		0BEF4DE32F6D80E00053CE56 /* GPGError.swift */ = {isa = PBXFileReference; lastKnownFileType = sourcecode.swift; path = GPGError.swift; sourceTree = "<group>"; };
		0BEF4DE42F6D80E00053CE56 /* GPGService.swift */ = {isa = PBXFileReference; lastKnownFileType = sourcecode.swift; path = GPGService.swift; sourceTree = "<group>"; };
		0BEF4DF22F6D8D630053CE56 /* KeyManagementViewModel.swift */ = {isa = PBXFileReference; lastKnownFileType = sourcecode.swift; path = KeyManagementViewModel.swift; sourceTree = "<group>"; };
		1A2000012F70000100000001 /* BackupManagerView.swift */ = {isa = PBXFileReference; lastKnownFileType = sourcecode.swift; path = BackupManagerView.swift; sourceTree = "<group>"; };
		1A2000022F70000100000002 /* ExpirationReminderService.swift */ = {isa = PBXFileReference; lastKnownFileType = sourcecode.swift; path = ExpirationReminderService.swift; sourceTree = "<group>"; };
		1A2000032F70000100000003 /* KeyStatisticsView.swift */ = {isa = PBXFileReference; lastKnownFileType = sourcecode.swift; path = KeyStatisticsView.swift; sourceTree = "<group>"; };
		1A2000042F70000100000004 /* ExpirationReminderSettingsView.swift */ = {isa = PBXFileReference; lastKnownFileType = sourcecode.swift; path = ExpirationReminderSettingsView.swift; sourceTree = "<group>"; };
		2A2000012F71000100000001 /* PassphraseSheet.swift */ = {isa = PBXFileReference; lastKnownFileType = sourcecode.swift; path = PassphraseSheet.swift; sourceTree = "<group>"; };
		2A2000012F71000100000003 /* SecureInputField.swift */ = {isa = PBXFileReference; lastKnownFileType = sourcecode.swift; path = SecureInputField.swift; sourceTree = "<group>"; };
		3A2000012F76000100000001 /* OperationResult.swift */ = {isa = PBXFileReference; lastKnownFileType = sourcecode.swift; path = OperationResult.swift; sourceTree = "<group>"; };
		3A2000012F76000100000002 /* GPGFileTypeDetector.swift */ = {isa = PBXFileReference; lastKnownFileType = sourcecode.swift; path = GPGFileTypeDetector.swift; sourceTree = "<group>"; };
		3A2000012F76000100000003 /* KeyCardView.swift */ = {isa = PBXFileReference; lastKnownFileType = sourcecode.swift; path = KeyCardView.swift; sourceTree = "<group>"; };
		3A2000012F76000100000004 /* DropZoneView.swift */ = {isa = PBXFileReference; lastKnownFileType = sourcecode.swift; path = DropZoneView.swift; sourceTree = "<group>"; };
		3A2000012F76000100000005 /* KeyActionMenu.swift */ = {isa = PBXFileReference; lastKnownFileType = sourcecode.swift; path = KeyActionMenu.swift; sourceTree = "<group>"; };
		3A2000012F76000100000006 /* OperationResultOverlay.swift */ = {isa = PBXFileReference; lastKnownFileType = sourcecode.swift; path = OperationResultOverlay.swift; sourceTree = "<group>"; };
		3A2000012F76000100000007 /* UploadToKeyserverSheet.swift */ = {isa = PBXFileReference; lastKnownFileType = sourcecode.swift; path = UploadToKeyserverSheet.swift; sourceTree = "<group>"; };
		3A2000012F76000100000008 /* PasswordInputSheet.swift */ = {isa = PBXFileReference; lastKnownFileType = sourcecode.swift; path = PasswordInputSheet.swift; sourceTree = "<group>"; };
		3A2000012F76000100000009 /* DeleteKeyOption.swift */ = {isa = PBXFileReference; lastKnownFileType = sourcecode.swift; path = DeleteKeyOption.swift; sourceTree = "<group>"; };
		A00000000001 /* MoaiyApp.swift */ = {isa = PBXFileReference; lastKnownFileType = sourcecode.swift; path = MoaiyApp.swift; sourceTree = "<group>"; };
		A00000000002 /* MainView.swift */ = {isa = PBXFileReference; lastKnownFileType = sourcecode.swift; path = MainView.swift; sourceTree = "<group>"; };
		A00000000003 /* KeyManagementView.swift */ = {isa = PBXFileReference; lastKnownFileType = sourcecode.swift; path = KeyManagementView.swift; sourceTree = "<group>"; };
		A00000000004 /* CreateKeyView.swift */ = {isa = PBXFileReference; lastKnownFileType = sourcecode.swift; path = CreateKeyView.swift; sourceTree = "<group>"; };
		A00000000006 /* SettingsView.swift */ = {isa = PBXFileReference; lastKnownFileType = sourcecode.swift; path = SettingsView.swift; sourceTree = "<group>"; };
		A00000000008 /* Color+Theme.swift */ = {isa = PBXFileReference; lastKnownFileType = sourcecode.swift; path = "Color+Theme.swift"; sourceTree = "<group>"; };
		A00000000009 /* Constants.swift */ = {isa = PBXFileReference; lastKnownFileType = sourcecode.swift; path = Constants.swift; sourceTree = "<group>"; };
		A0000000000A /* AppState.swift */ = {isa = PBXFileReference; lastKnownFileType = sourcecode.swift; path = AppState.swift; sourceTree = "<group>"; };
		A0000000000B /* Entitlements.entitlements */ = {isa = PBXFileReference; lastKnownFileType = text.plist.entitlements; path = Entitlements.entitlements; sourceTree = "<group>"; };
		A0000000000C /* Info.plist */ = {isa = PBXFileReference; lastKnownFileType = text.plist.xml; path = Info.plist; sourceTree = "<group>"; };
		A0000000000D /* Moaiy.app */ = {isa = PBXFileReference; explicitFileType = wrapper.application; includeInIndex = 0; path = Moaiy.app; sourceTree = BUILT_PRODUCTS_DIR; };
		A0000000000E /* Assets.xcassets */ = {isa = PBXFileReference; lastKnownFileType = folder.assetcatalog; path = Assets.xcassets; sourceTree = "<group>"; };
		A0000000000F /* Localizable.xcstrings */ = {isa = PBXFileReference; lastKnownFileType = text.json.xcstrings; path = Localizable.xcstrings; sourceTree = "<group>"; };
		A00000000010 /* PrivacyInfo.xcprivacy */ = {isa = PBXFileReference; lastKnownFileType = text.xml; path = PrivacyInfo.xcprivacy; sourceTree = "<group>"; };
		A00000000011 /* Moaiy.Debug.xcconfig */ = {isa = PBXFileReference; lastKnownFileType = text.xcconfig; path = Moaiy.Debug.xcconfig; sourceTree = "<group>"; };
		A00000000012 /* Moaiy.Release.xcconfig */ = {isa = PBXFileReference; lastKnownFileType = text.xcconfig; path = Moaiy.Release.xcconfig; sourceTree = "<group>"; };
		A00000000013 /* Moaiy.Signing.xcconfig */ = {isa = PBXFileReference; lastKnownFileType = text.xcconfig; path = Moaiy.Signing.xcconfig; sourceTree = "<group>"; };
		A00000000014 /* ScopeOne-Regular.ttf */ = {isa = PBXFileReference; lastKnownFileType = file; path = "ScopeOne-Regular.ttf"; sourceTree = "<group>"; };
/* End PBXFileReference section */

/* Begin PBXFileSystemSynchronizedRootGroup section */
		0B96E14E2F71021E009629C1 /* MoaiyTests */ = {isa = PBXFileSystemSynchronizedRootGroup; explicitFileTypes = {}; explicitFolders = (); path = MoaiyTests; sourceTree = "<group>"; };
/* End PBXFileSystemSynchronizedRootGroup section */

/* Begin PBXFrameworksBuildPhase section */
		0B96E14A2F71021E009629C1 /* Frameworks */ = {
			isa = PBXFrameworksBuildPhase;
			buildActionMask = 2147483647;
			files = (
			);
			runOnlyForDeploymentPostprocessing = 0;
		};
/* End PBXFrameworksBuildPhase section */

/* Begin PBXGroup section */
		0B77CCF92F753FEF00C15184 /* HowTo */ = {
			isa = PBXGroup;
			children = (
				0B77CCF82F753FEF00C15184 /* HowToView.swift */,
			);
			path = HowTo;
			sourceTree = "<group>";
		};
		0BEF4DF32F6D8D630053CE56 /* ViewModels */ = {
			isa = PBXGroup;
			children = (
				0BEF4DF22F6D8D630053CE56 /* KeyManagementViewModel.swift */,
				A0000000000A /* AppState.swift */,
			);
			path = ViewModels;
			sourceTree = "<group>";
		};
		D00000000001 = {
			isa = PBXGroup;
			children = (
				0BEF4DF32F6D8D630053CE56 /* ViewModels */,
				D00000000002 /* . */,
				0B96E14E2F71021E009629C1 /* MoaiyTests */,
				D00000000003 /* Products */,
			);
			sourceTree = "<group>";
		};
		D00000000002 /* . */ = {
			isa = PBXGroup;
			children = (
				A0000000000C /* Info.plist */,
				A0000000000B /* Entitlements.entitlements */,
				A00000000010 /* PrivacyInfo.xcprivacy */,
				D00000000004 /* App */,
				D00000000005 /* Models */,
				D00000000006 /* Views */,
				D00000000007 /* Services */,
				D00000000008 /* Utils */,
				D00000000009 /* Theme */,
				D00000000017 /* Config */,
				D0000000000A /* Resources */,
			);
			path = .;
			sourceTree = "<group>";
		};
		D00000000003 /* Products */ = {
			isa = PBXGroup;
			children = (
				A0000000000D /* Moaiy.app */,
				0B96E14D2F71021E009629C1 /* MoaiyTests.xctest */,
			);
			name = Products;
			sourceTree = "<group>";
		};
		D00000000004 /* App */ = {
			isa = PBXGroup;
			children = (
				A00000000001 /* MoaiyApp.swift */,
			);
			path = App;
			sourceTree = "<group>";
		};
		D00000000005 /* Models */ = {
			isa = PBXGroup;
			children = (
				3A2000012F76000100000009 /* DeleteKeyOption.swift */,
				3A2000012F76000100000001 /* OperationResult.swift */,
				0B0F6B662F753E5C00668924 /* Tutorial.swift */,
			);
			path = Models;
			sourceTree = "<group>";
		};
		D00000000006 /* Views */ = {
			isa = PBXGroup;
			children = (
				D0000000000B /* Main */,
				D0000000000C /* KeyManagement */,
				D0000000000D /* Encryption */,
				D0000000000E /* Settings */,
				D0000000000F /* Components */,
				D00000000014 /* Backup */,
				D00000000015 /* Statistics */,
				D00000000016 /* Expiration */,
				0B77CCF92F753FEF00C15184 /* HowTo */,
			);
			path = Views;
			sourceTree = "<group>";
		};
		D00000000007 /* Services */ = {
			isa = PBXGroup;
			children = (
				0BEF4DE32F6D80E00053CE56 /* GPGError.swift */,
				0BEF4DE42F6D80E00053CE56 /* GPGService.swift */,
				3A2000012F76000100000002 /* GPGFileTypeDetector.swift */,
				1A2000022F70000100000002 /* ExpirationReminderService.swift */,
			);
			path = Services;
			sourceTree = "<group>";
		};
		D00000000008 /* Utils */ = {
			isa = PBXGroup;
			children = (
				A00000000009 /* Constants.swift */,
			);
			path = Utils;
			sourceTree = "<group>";
		};
		D00000000009 /* Theme */ = {
			isa = PBXGroup;
			children = (
				A00000000008 /* Color+Theme.swift */,
			);
			path = Theme;
			sourceTree = "<group>";
		};
		D0000000000A /* Resources */ = {
			isa = PBXGroup;
			children = (
				0B2A177C2F74F09F003D3CB1 /* gpg.bundle */,
				A0000000000E /* Assets.xcassets */,
				A0000000000F /* Localizable.xcstrings */,
				A00000000014 /* ScopeOne-Regular.ttf */,
			);
			path = Resources;
			sourceTree = "<group>";
		};
		D0000000000B /* Main */ = {
			isa = PBXGroup;
			children = (
				A00000000002 /* MainView.swift */,
			);
			path = Main;
			sourceTree = "<group>";
		};
		D0000000000C /* KeyManagement */ = {
			isa = PBXGroup;
			children = (
				0BE22B552F6FC4CC009DDCB2 /* KeyEditSheet.swift */,
				0BE22B562F6FC4CC009DDCB2 /* KeySigningSheet.swift */,
				0BE22B572F6FC4CC009DDCB2 /* TrustManagementSheet.swift */,
				A00000000003 /* KeyManagementView.swift */,
				3A2000012F76000100000003 /* KeyCardView.swift */,
				3A2000012F76000100000004 /* DropZoneView.swift */,
				3A2000012F76000100000005 /* KeyActionMenu.swift */,
				3A2000012F76000100000006 /* OperationResultOverlay.swift */,
				3A2000012F76000100000007 /* UploadToKeyserverSheet.swift */,
				3A2000012F76000100000008 /* PasswordInputSheet.swift */,
				A00000000004 /* CreateKeyView.swift */,
				0B018ACD2F6EE0AE00382075 /* ImportKeySheet.swift */,
				0B018ACE2F6EE0AF00382075 /* LoadingStates.swift */,
			);
			path = KeyManagement;
			sourceTree = "<group>";
		};
		D0000000000D /* Encryption */ = {
			isa = PBXGroup;
			children = (
				2A2000012F71000100000001 /* PassphraseSheet.swift */,
				2A2000012F71000100000003 /* SecureInputField.swift */,
			);
			path = Encryption;
			sourceTree = "<group>";
		};
		D0000000000E /* Settings */ = {
			isa = PBXGroup;
			children = (
				A00000000006 /* SettingsView.swift */,
			);
			path = Settings;
			sourceTree = "<group>";
		};
		D0000000000F /* Components */ = {
			isa = PBXGroup;
			children = (
				D00000000010 /* Buttons */,
				D00000000011 /* Cards */,
				D00000000012 /* Inputs */,
				D00000000013 /* Feedback */,
			);
			path = Components;
			sourceTree = "<group>";
		};
		D00000000010 /* Buttons */ = {
			isa = PBXGroup;
			children = (
			);
			path = Buttons;
			sourceTree = "<group>";
		};
		D00000000011 /* Cards */ = {
			isa = PBXGroup;
			children = (
			);
			path = Cards;
			sourceTree = "<group>";
		};
		D00000000012 /* Inputs */ = {
			isa = PBXGroup;
			children = (
			);
			path = Inputs;
			sourceTree = "<group>";
		};
		D00000000013 /* Feedback */ = {
			isa = PBXGroup;
			children = (
			);
			path = Feedback;
			sourceTree = "<group>";
		};
		D00000000014 /* Backup */ = {
			isa = PBXGroup;
			children = (
				1A2000012F70000100000001 /* BackupManagerView.swift */,
			);
			path = Backup;
			sourceTree = "<group>";
		};
		D00000000015 /* Statistics */ = {
			isa = PBXGroup;
			children = (
				1A2000032F70000100000003 /* KeyStatisticsView.swift */,
			);
			path = Statistics;
			sourceTree = "<group>";
		};
		D00000000016 /* Expiration */ = {
			isa = PBXGroup;
			children = (
				1A2000042F70000100000004 /* ExpirationReminderSettingsView.swift */,
			);
			path = Expiration;
			sourceTree = "<group>";
		};
		D00000000017 /* Config */ = {
			isa = PBXGroup;
			children = (
				A00000000011 /* Moaiy.Debug.xcconfig */,
				A00000000012 /* Moaiy.Release.xcconfig */,
				A00000000013 /* Moaiy.Signing.xcconfig */,
			);
			path = Config;
			sourceTree = "<group>";
		};
/* End PBXGroup section */

/* Begin PBXNativeTarget section */
		0B96E14C2F71021E009629C1 /* MoaiyTests */ = {
			isa = PBXNativeTarget;
			buildConfigurationList = 0B96E1552F71021E009629C1 /* Build configuration list for PBXNativeTarget "MoaiyTests" */;
			buildPhases = (
				0B96E1492F71021E009629C1 /* Sources */,
				0B96E14A2F71021E009629C1 /* Frameworks */,
				0B96E14B2F71021E009629C1 /* Resources */,
			);
			buildRules = (
			);
			dependencies = (
				0B96E1522F71021E009629C1 /* PBXTargetDependency */,
			);
			fileSystemSynchronizedGroups = (
				0B96E14E2F71021E009629C1 /* MoaiyTests */,
			);
			name = MoaiyTests;
			packageProductDependencies = (
			);
			productName = MoaiyTests;
			productReference = 0B96E14D2F71021E009629C1 /* MoaiyTests.xctest */;
			productType = "com.apple.product-type.bundle.unit-test";
		};
		E00000000001 /* Moaiy */ = {
			isa = PBXNativeTarget;
			buildConfigurationList = E00000000002 /* Build configuration list for PBXNativeTarget "Moaiy" */;
			buildPhases = (
				E00000000003 /* Sources */,
				E00000000005 /* Resources */,
			);
			buildRules = (
			);
			dependencies = (
			);
			name = Moaiy;
			productName = Moaiy;
			productReference = A0000000000D /* Moaiy.app */;
			productType = "com.apple.product-type.application";
		};
/* End PBXNativeTarget section */

/* Begin PBXProject section */
		F00000000001 /* Project object */ = {
			isa = PBXProject;
			attributes = {
				BuildIndependentTargetsInParallel = 1;
				LastSwiftUpdateCheck = 2630;
				LastUpgradeCheck = 2640;
				TargetAttributes = {
					0B96E14C2F71021E009629C1 = {
						CreatedOnToolsVersion = 26.3;
						TestTargetID = E00000000001;
					};
					E00000000001 = {
						CreatedOnToolsVersion = 15.0;
					};
				};
			};
			buildConfigurationList = F00000000002 /* Build configuration list for PBXProject "Moaiy" */;
			compatibilityVersion = "Xcode 14.0";
			developmentRegion = en;
			hasScannedForEncodings = 0;
			knownRegions = (
				en,
				Base,
				"zh-Hans",
			);
			mainGroup = D00000000001;
			productRefGroup = D00000000003 /* Products */;
			projectDirPath = "";
			projectRoot = "";
			targets = (
				E00000000001 /* Moaiy */,
				0B96E14C2F71021E009629C1 /* MoaiyTests */,
			);
		};
/* End PBXProject section */

/* Begin PBXResourcesBuildPhase section */
		0B96E14B2F71021E009629C1 /* Resources */ = {
			isa = PBXResourcesBuildPhase;
			buildActionMask = 2147483647;
			files = (
			);
			runOnlyForDeploymentPostprocessing = 0;
		};
		E00000000005 /* Resources */ = {
			isa = PBXResourcesBuildPhase;
			buildActionMask = 2147483647;
			files = (
				B0000000000E /* Assets.xcassets in Resources */,
				B0000000000F /* Localizable.xcstrings in Resources */,
				B00000000010 /* PrivacyInfo.xcprivacy in Resources */,
				0B2A177D2F74F09F003D3CB1 /* gpg.bundle in Resources */,
				B00000000014 /* ScopeOne-Regular.ttf in Resources */,
			);
			runOnlyForDeploymentPostprocessing = 0;
		};
/* End PBXResourcesBuildPhase section */

/* Begin PBXSourcesBuildPhase section */
		0B96E1492F71021E009629C1 /* Sources */ = {
			isa = PBXSourcesBuildPhase;
			buildActionMask = 2147483647;
			files = (
			);
			runOnlyForDeploymentPostprocessing = 0;
		};
		E00000000003 /* Sources */ = {
			isa = PBXSourcesBuildPhase;
			buildActionMask = 2147483647;
			files = (
				B00000000001 /* MoaiyApp.swift in Sources */,
				B00000000002 /* MainView.swift in Sources */,
				B00000000003 /* KeyManagementView.swift in Sources */,
				3A1000012F76000100000003 /* KeyCardView.swift in Sources */,
				3A1000012F76000100000004 /* DropZoneView.swift in Sources */,
				3A1000012F76000100000005 /* KeyActionMenu.swift in Sources */,
				3A1000012F76000100000006 /* OperationResultOverlay.swift in Sources */,
				3A1000012F76000100000007 /* UploadToKeyserverSheet.swift in Sources */,
				3A1000012F76000100000008 /* PasswordInputSheet.swift in Sources */,
				0BE22B582F6FC4CC009DDCB2 /* KeyEditSheet.swift in Sources */,
				0BE22B592F6FC4CC009DDCB2 /* KeySigningSheet.swift in Sources */,
				0BE22B5A2F6FC4CC009DDCB2 /* TrustManagementSheet.swift in Sources */,
				0BEF4DF52F6D8D630053CE56 /* KeyManagementViewModel.swift in Sources */,
				0B77CCFA2F753FEF00C15184 /* HowToView.swift in Sources */,
				B00000000004 /* CreateKeyView.swift in Sources */,
				0B018ACF2F6EE0AE00382075 /* ImportKeySheet.swift in Sources */,
				0B018AD12F6EE0AF00382075 /* LoadingStates.swift in Sources */,
				B00000000006 /* SettingsView.swift in Sources */,
				0BEF4DE52F6D80E00053CE56 /* GPGError.swift in Sources */,
				0BEF4DE62F6D80E00053CE56 /* GPGService.swift in Sources */,
				3A1000012F76000100000002 /* GPGFileTypeDetector.swift in Sources */,
				B00000000008 /* Color+Theme.swift in Sources */,
				3A1000012F76000100000009 /* DeleteKeyOption.swift in Sources */,
				3A1000012F76000100000001 /* OperationResult.swift in Sources */,
				1A1000012F70000100000001 /* BackupManagerView.swift in Sources */,
				1A1000022F70000100000002 /* ExpirationReminderService.swift in Sources */,
				0B0F6B672F753E5C00668924 /* Tutorial.swift in Sources */,
				1A1000032F70000100000003 /* KeyStatisticsView.swift in Sources */,
				1A1000042F70000100000004 /* ExpirationReminderSettingsView.swift in Sources */,
				2A1000012F71000100000001 /* PassphraseSheet.swift in Sources */,
				2A1000012F71000100000003 /* SecureInputField.swift in Sources */,
				B0000000000A /* AppState.swift in Sources */,
				B00000000009 /* Constants.swift in Sources */,
			);
			runOnlyForDeploymentPostprocessing = 0;
		};
/* End PBXSourcesBuildPhase section */

/* Begin PBXTargetDependency section */
		0B96E1522F71021E009629C1 /* PBXTargetDependency */ = {
			isa = PBXTargetDependency;
			target = E00000000001 /* Moaiy */;
			targetProxy = 0B96E1512F71021E009629C1 /* PBXContainerItemProxy */;
		};
/* End PBXTargetDependency section */

/* Begin XCBuildConfiguration section */
		0B96E1532F71021E009629C1 /* Debug */ = {
			isa = XCBuildConfiguration;
			buildSettings = {
				BUNDLE_LOADER = "$(TEST_HOST)";
				CODE_SIGN_STYLE = Automatic;
				CURRENT_PROJECT_VERSION = 4;
				DEAD_CODE_STRIPPING = YES;
				DEBUG_INFORMATION_FORMAT = dwarf;
				GENERATE_INFOPLIST_FILE = YES;
				MACOSX_DEPLOYMENT_TARGET = 14.0;
				MARKETING_VERSION = 0.6.0;
				PRODUCT_BUNDLE_IDENTIFIER = com.taugast.MoaiyTests;
				PRODUCT_NAME = "$(TARGET_NAME)";
				STRING_CATALOG_GENERATE_SYMBOLS = NO;
				SWIFT_ACTIVE_COMPILATION_CONDITIONS = "DEBUG $(inherited)";
				SWIFT_APPROACHABLE_CONCURRENCY = YES;
				SWIFT_EMIT_LOC_STRINGS = NO;
				SWIFT_UPCOMING_FEATURE_MEMBER_IMPORT_VISIBILITY = YES;
				SWIFT_VERSION = 5.0;
				TEST_HOST = "$(BUILT_PRODUCTS_DIR)/Moaiy.app/$(BUNDLE_EXECUTABLE_FOLDER_PATH)/Moaiy";
			};
			name = Debug;
		};
		0B96E1542F71021E009629C1 /* Release */ = {
			isa = XCBuildConfiguration;
			buildSettings = {
				BUNDLE_LOADER = "$(TEST_HOST)";
				CODE_SIGN_STYLE = Automatic;
				CURRENT_PROJECT_VERSION = 4;
				DEAD_CODE_STRIPPING = YES;
				GENERATE_INFOPLIST_FILE = YES;
				MACOSX_DEPLOYMENT_TARGET = 14.0;
				MARKETING_VERSION = 0.6.0;
				PRODUCT_BUNDLE_IDENTIFIER = com.taugast.MoaiyTests;
				PRODUCT_NAME = "$(TARGET_NAME)";
				STRING_CATALOG_GENERATE_SYMBOLS = NO;
				SWIFT_APPROACHABLE_CONCURRENCY = YES;
				SWIFT_EMIT_LOC_STRINGS = NO;
				SWIFT_UPCOMING_FEATURE_MEMBER_IMPORT_VISIBILITY = YES;
				SWIFT_VERSION = 5.0;
				TEST_HOST = "$(BUILT_PRODUCTS_DIR)/Moaiy.app/$(BUNDLE_EXECUTABLE_FOLDER_PATH)/Moaiy";
			};
			name = Release;
		};
		G00000000001 /* Debug */ = {
			isa = XCBuildConfiguration;
			buildSettings = {
				ALWAYS_SEARCH_USER_PATHS = NO;
				ASSETCATALOG_COMPILER_GENERATE_SWIFT_ASSET_SYMBOL_EXTENSIONS = YES;
				CLANG_ANALYZER_LOCALIZABILITY_NONLOCALIZED = YES;
				CLANG_ANALYZER_NONNULL = YES;
				CLANG_ANALYZER_NUMBER_OBJECT_CONVERSION = YES_AGGRESSIVE;
				CLANG_CXX_LANGUAGE_STANDARD = "gnu++20";
				CLANG_ENABLE_MODULES = YES;
				CLANG_ENABLE_OBJC_ARC = YES;
				CLANG_ENABLE_OBJC_WEAK = YES;
				CLANG_WARN_BLOCK_CAPTURE_AUTORELEASING = YES;
				CLANG_WARN_BOOL_CONVERSION = YES;
				CLANG_WARN_COMMA = YES;
				CLANG_WARN_CONSTANT_CONVERSION = YES;
				CLANG_WARN_DEPRECATED_OBJC_IMPLEMENTATIONS = YES;
				CLANG_WARN_DIRECT_OBJC_ISA_USAGE = YES_ERROR;
				CLANG_WARN_DOCUMENTATION_COMMENTS = YES;
				CLANG_WARN_EMPTY_BODY = YES;
				CLANG_WARN_ENUM_CONVERSION = YES;
				CLANG_WARN_INFINITE_RECURSION = YES;
				CLANG_WARN_INT_CONVERSION = YES;
				CLANG_WARN_NON_LITERAL_NULL_CONVERSION = YES;
				CLANG_WARN_OBJC_IMPLICIT_RETAIN_SELF = YES;
				CLANG_WARN_OBJC_LITERAL_CONVERSION = YES;
				CLANG_WARN_OBJC_ROOT_CLASS = YES_ERROR;
				CLANG_WARN_QUOTED_INCLUDE_IN_FRAMEWORK_HEADER = YES;
				CLANG_WARN_RANGE_LOOP_ANALYSIS = YES;
				CLANG_WARN_STRICT_PROTOTYPES = YES;
				CLANG_WARN_SUSPICIOUS_MOVE = YES;
				CLANG_WARN_UNGUARDED_AVAILABILITY = YES_AGGRESSIVE;
				CLANG_WARN_UNREACHABLE_CODE = YES;
				CLANG_WARN__DUPLICATE_METHOD_MATCH = YES;
				COPY_PHASE_STRIP = NO;
				DEAD_CODE_STRIPPING = YES;
				DEBUG_INFORMATION_FORMAT = "dwarf-with-dsym";
				ENABLE_NS_ASSERTIONS = YES;
				ENABLE_STRICT_OBJC_MSGSEND = YES;
				ENABLE_TESTABILITY = YES;
				ENABLE_USER_SCRIPT_SANDBOXING = YES;
				GCC_C_LANGUAGE_STANDARD = gnu17;
				GCC_DYNAMIC_NO_PIC = NO;
				GCC_NO_COMMON_BLOCKS = YES;
				GCC_OPTIMIZATION_LEVEL = 0;
				GCC_PREPROCESSOR_DEFINITIONS = (
					"DEBUG=1",
					"$(inherited)",
				);
				GCC_WARN_64_TO_32_BIT_CONVERSION = YES;
				GCC_WARN_ABOUT_RETURN_TYPE = YES_ERROR;
				GCC_WARN_UNDECLARED_SELECTOR = YES;
				GCC_WARN_UNINITIALIZED_AUTOS = YES_AGGRESSIVE;
				GCC_WARN_UNUSED_FUNCTION = YES;
				GCC_WARN_UNUSED_VARIABLE = YES;
				LOCALIZATION_PREFERS_STRING_CATALOGS = YES;
				MACOSX_DEPLOYMENT_TARGET = 14.0;
				MTL_ENABLE_DEBUG_INFO = INCLUDE_SOURCE;
				MTL_FAST_MATH = YES;
				ONLY_ACTIVE_ARCH = YES;
				SDKROOT = macosx;
				STRING_CATALOG_GENERATE_SYMBOLS = YES;
				SWIFT_ACTIVE_COMPILATION_MODE = wholemodule;
				SWIFT_OPTIMIZATION_LEVEL = "-Onone";
			};
			name = Debug;
		};
		G00000000002 /* Release */ = {
			isa = XCBuildConfiguration;
			buildSettings = {
				ALWAYS_SEARCH_USER_PATHS = NO;
				ASSETCATALOG_COMPILER_GENERATE_SWIFT_ASSET_SYMBOL_EXTENSIONS = YES;
				CLANG_ANALYZER_LOCALIZABILITY_NONLOCALIZED = YES;
				CLANG_ANALYZER_NONNULL = YES;
				CLANG_ANALYZER_NUMBER_OBJECT_CONVERSION = YES_AGGRESSIVE;
				CLANG_CXX_LANGUAGE_STANDARD = "gnu++20";
				CLANG_ENABLE_MODULES = YES;
				CLANG_ENABLE_OBJC_ARC = YES;
				CLANG_ENABLE_OBJC_WEAK = YES;
				CLANG_WARN_BLOCK_CAPTURE_AUTORELEASING = YES;
				CLANG_WARN_BOOL_CONVERSION = YES;
				CLANG_WARN_COMMA = YES;
				CLANG_WARN_CONSTANT_CONVERSION = YES;
				CLANG_WARN_DEPRECATED_OBJC_IMPLEMENTATIONS = YES;
				CLANG_WARN_DIRECT_OBJC_ISA_USAGE = YES_ERROR;
				CLANG_WARN_DOCUMENTATION_COMMENTS = YES;
				CLANG_WARN_EMPTY_BODY = YES;
				CLANG_WARN_ENUM_CONVERSION = YES;
				CLANG_WARN_INFINITE_RECURSION = YES;
				CLANG_WARN_INT_CONVERSION = YES;
				CLANG_WARN_NON_LITERAL_NULL_CONVERSION = YES;
				CLANG_WARN_OBJC_IMPLICIT_RETAIN_SELF = YES;
				CLANG_WARN_OBJC_LITERAL_CONVERSION = YES;
				CLANG_WARN_OBJC_ROOT_CLASS = YES_ERROR;
				CLANG_WARN_QUOTED_INCLUDE_IN_FRAMEWORK_HEADER = YES;
				CLANG_WARN_RANGE_LOOP_ANALYSIS = YES;
				CLANG_WARN_STRICT_PROTOTYPES = YES;
				CLANG_WARN_SUSPICIOUS_MOVE = YES;
				CLANG_WARN_UNGUARDED_AVAILABILITY = YES_AGGRESSIVE;
				CLANG_WARN_UNREACHABLE_CODE = YES;
				CLANG_WARN__DUPLICATE_METHOD_MATCH = YES;
				COPY_PHASE_STRIP = NO;
				DEAD_CODE_STRIPPING = YES;
				DEBUG_INFORMATION_FORMAT = "dwarf-with-dsym";
				ENABLE_NS_ASSERTIONS = NO;
				ENABLE_STRICT_OBJC_MSGSEND = YES;
				ENABLE_USER_SCRIPT_SANDBOXING = YES;
				GCC_C_LANGUAGE_STANDARD = gnu17;
				GCC_NO_COMMON_BLOCKS = YES;
				GCC_WARN_64_TO_32_BIT_CONVERSION = YES;
				GCC_WARN_ABOUT_RETURN_TYPE = YES_ERROR;
				GCC_WARN_UNDECLARED_SELECTOR = YES;
				GCC_WARN_UNINITIALIZED_AUTOS = YES_AGGRESSIVE;
				GCC_WARN_UNUSED_FUNCTION = YES;
				GCC_WARN_UNUSED_VARIABLE = YES;
				LOCALIZATION_PREFERS_STRING_CATALOGS = YES;
				MACOSX_DEPLOYMENT_TARGET = 14.0;
				MTL_ENABLE_DEBUG_INFO = NO;
				MTL_FAST_MATH = YES;
				SDKROOT = macosx;
				STRING_CATALOG_GENERATE_SYMBOLS = YES;
				SWIFT_COMPILATION_MODE = wholemodule;
				SWIFT_OPTIMIZATION_LEVEL = "-O";
			};
			name = Release;
		};
		G00000000003 /* Debug */ = {
			isa = XCBuildConfiguration;
			baseConfigurationReference = A00000000011 /* Moaiy.Debug.xcconfig */;
			buildSettings = {
				ASSETCATALOG_COMPILER_APPICON_NAME = moaiy_icon;
				ASSETCATALOG_COMPILER_GLOBAL_ACCENT_COLOR_NAME = AccentColor;
				ASSETCATALOG_COMPILER_INCLUDE_ALL_APPICON_ASSETS = YES;
				CODE_SIGN_ENTITLEMENTS = Resources/Entitlements.entitlements;
				CODE_SIGN_STYLE = Automatic;
				COMBINE_HIDPI_IMAGES = YES;
				CURRENT_PROJECT_VERSION = 4;
				DEAD_CODE_STRIPPING = YES;
				DEVELOPMENT_ASSET_PATHS = "";
				ENABLE_APP_SANDBOX = YES;
				ENABLE_HARDENED_RUNTIME = YES;
				ENABLE_OUTGOING_NETWORK_CONNECTIONS = YES;
				ENABLE_PREVIEWS = YES;
				ENABLE_USER_SELECTED_FILES = readwrite;
				GENERATE_INFOPLIST_FILE = YES;
				INFOPLIST_FILE = Info.plist;
				INFOPLIST_KEY_CFBundleDisplayName = Moaiy;
				INFOPLIST_KEY_LSApplicationCategoryType = "public.app-category.utilities";
				INFOPLIST_KEY_NSHumanReadableCopyright = "Copyright © 2026 Moaiy. All rights reserved.";
				INFOPLIST_KEY_NSMainStoryboardFile = "";
				INFOPLIST_KEY_NSPrincipalClass = NSApplication;
				LD_RUNPATH_SEARCH_PATHS = (
					"$(inherited)",
					"@executable_path/../Frameworks",
				);
				MARKETING_VERSION = 0.6.0;
				PRODUCT_BUNDLE_IDENTIFIER = com.moaiy.app;
				PRODUCT_NAME = "$(TARGET_NAME)";
				SWIFT_EMIT_LOC_STRINGS = YES;
				SWIFT_VERSION = 5.0;
			};
			name = Debug;
		};
		G00000000004 /* Release */ = {
			isa = XCBuildConfiguration;
			baseConfigurationReference = A00000000012 /* Moaiy.Release.xcconfig */;
			buildSettings = {
				ASSETCATALOG_COMPILER_APPICON_NAME = moaiy_icon;
				ASSETCATALOG_COMPILER_GLOBAL_ACCENT_COLOR_NAME = AccentColor;
				ASSETCATALOG_COMPILER_INCLUDE_ALL_APPICON_ASSETS = YES;
				CODE_SIGN_ENTITLEMENTS = Resources/Entitlements.entitlements;
				CODE_SIGN_STYLE = Automatic;
				COMBINE_HIDPI_IMAGES = YES;
				CURRENT_PROJECT_VERSION = 4;
				DEAD_CODE_STRIPPING = YES;
				DEVELOPMENT_ASSET_PATHS = "";
				ENABLE_APP_SANDBOX = YES;
				ENABLE_HARDENED_RUNTIME = YES;
				ENABLE_OUTGOING_NETWORK_CONNECTIONS = YES;
				ENABLE_PREVIEWS = YES;
				ENABLE_USER_SELECTED_FILES = readwrite;
				GENERATE_INFOPLIST_FILE = YES;
				INFOPLIST_FILE = Info.plist;
				INFOPLIST_KEY_CFBundleDisplayName = Moaiy;
				INFOPLIST_KEY_LSApplicationCategoryType = "public.app-category.utilities";
				INFOPLIST_KEY_NSHumanReadableCopyright = "Copyright © 2026 Moaiy. All rights reserved.";
				INFOPLIST_KEY_NSMainStoryboardFile = "";
				INFOPLIST_KEY_NSPrincipalClass = NSApplication;
				LD_RUNPATH_SEARCH_PATHS = (
					"$(inherited)",
					"@executable_path/../Frameworks",
				);
				MARKETING_VERSION = 0.6.0;
				PRODUCT_BUNDLE_IDENTIFIER = com.moaiy.app;
				PRODUCT_NAME = "$(TARGET_NAME)";
				SWIFT_EMIT_LOC_STRINGS = YES;
				SWIFT_VERSION = 5.0;
			};
			name = Release;
		};
/* End XCBuildConfiguration section */

/* Begin XCConfigurationList section */
		0B96E1552F71021E009629C1 /* Build configuration list for PBXNativeTarget "MoaiyTests" */ = {
			isa = XCConfigurationList;
			buildConfigurations = (
				0B96E1532F71021E009629C1 /* Debug */,
				0B96E1542F71021E009629C1 /* Release */,
			);
			defaultConfigurationIsVisible = 0;
			defaultConfigurationName = Release;
		};
		E00000000002 /* Build configuration list for PBXNativeTarget "Moaiy" */ = {
			isa = XCConfigurationList;
			buildConfigurations = (
				G00000000003 /* Debug */,
				G00000000004 /* Release */,
			);
			defaultConfigurationIsVisible = 0;
			defaultConfigurationName = Release;
		};
		F00000000002 /* Build configuration list for PBXProject "Moaiy" */ = {
			isa = XCConfigurationList;
			buildConfigurations = (
				G00000000001 /* Debug */,
				G00000000002 /* Release */,
			);
			defaultConfigurationIsVisible = 0;
			defaultConfigurationName = Release;
		};
/* End XCConfigurationList section */
	};
	rootObject = F00000000001 /* Project object */;
}
